
Microsoft Visual Studio Solution File, Format Version 12.00
# Visual Studio Version 16
VisualStudioVersion = 16.0.28803.916
MinimumVisualStudioVersion = 10.0.40219.1
Project("{FAE04EC0-301F-11D3-BF4B-00C04F79EFBC}") = "PClasses", "PClasses\PClasses.csproj", "{DEBEAECA-8E3D-43CC-B183-A7979835C3A0}"
EndProject
Global
	GlobalSection(SolutionConfigurationPlatforms) = preSolution
		Debug|Any CPU = Debug|Any CPU
		Release|Any CPU = Release|Any CPU
	EndGlobalSection
	GlobalSection(ProjectConfigurationPlatforms) = postSolution
		{DEBEAECA-8E3D-43CC-B183-A7979835C3A0}.Debug|Any CPU.ActiveCfg = Debug|Any CPU
		{DEBEAECA-8E3D-43CC-B183-A7979835C3A0}.Debug|Any CPU.Build.0 = Debug|Any CPU
		{DEBEAECA-8E3D-43CC-B183-A7979835C3A0}.Release|Any CPU.ActiveCfg = Release|Any CPU
		{DEBEAECA-8E3D-43CC-B183-A7979835C3A0}.Release|Any CPU.Build.0 = Release|Any CPU
	EndGlobalSection
	GlobalSection(SolutionProperties) = preSolution
		HideSolutionNode = FALSE
	EndGlobalSection
	GlobalSection(ExtensibilityGlobals) = postSolution
		SolutionGuid = {15D0AB8B-2D6A-4C49-BBC9-3E9F51E664FE}
	EndGlobalSection
EndGlobal
